PODS:
  - Flutter (1.0.0)
  - flutter_secure_storage (6.0.0):
    - Flutter
  - integration_test (0.0.1):
    - Flutter
  - local_auth_darwin (0.0.1):
    - Flutter
    - FlutterMacOS

DEPENDENCIES:
  - Flutter (from `Flutter`)
  - flutter_secure_storage (from `.symlinks/plugins/flutter_secure_storage/ios`)
  - integration_test (from `.symlinks/plugins/integration_test/ios`)
  - local_auth_darwin (from `.symlinks/plugins/local_auth_darwin/darwin`)

EXTERNAL SOURCES:
  Flutter:
    :path: Flutter
  flutter_secure_storage:
    :path: ".symlinks/plugins/flutter_secure_storage/ios"
  integration_test:
    :path: ".symlinks/plugins/integration_test/ios"
  local_auth_darwin:
    :path: ".symlinks/plugins/local_auth_darwin/darwin"

SPEC CHECKSUMS:
  Flutter: cabc95a1d2626b1b06e7179b784ebcf0c0cde467
  flutter_secure_storage: 1ed9476fba7e7a782b22888f956cce43e2c62f13
  integration_test: 4a889634ef21a45d28d50d622cf412dc6d9f586e
  local_auth_darwin: c3ee6cce0a8d56be34c8ccb66ba31f7f180aaebb

PODFILE CHECKSUM: 3c63482e143d1b91d2d2560aee9fb04ecc74ac7e

COCOAPODS: 1.16.2
